// !$*UTF8*$!
{
	archiveVersion = 1;
	classes = {
	};
	objectVersion = 77;
	objects = {

/* Begin PBXFileReference section */
		14BBD44B2E9D14AD00E17C17 /* index.html */ = {isa = PBXFileReference; lastKnownFileType = text.html; path = index.html; sourceTree = "<group>"; };
		14DA32242E9E638100D8448D /* script.js */ = {isa = PBXFileReference; lastKnownFileType = sourcecode.javascript; path = script.js; sourceTree = "<group>"; };
		14DA32252E9E638100D8448D /* style.css */ = {isa = PBXFileReference; lastKnownFileType = text.css; path = style.css; sourceTree = "<group>"; };
/* End PBXFileReference section */

/* Begin PBXFileSystemSynchronizedRootGroup section */
		14BBD44E2E9D150D00E17C17 /* photos */ = {
			isa = PBXFileSystemSynchronizedRootGroup;
			path = photos;
			sourceTree = "<group>";
		};
		14BBD4502E9D152500E17C17 /* posts */ = {
			isa = PBXFileSystemSynchronizedRootGroup;
			path = posts;
			sourceTree = "<group>";
		};
		14BBD4542E9D1B6600E17C17 /* public */ = {
			isa = PBXFileSystemSynchronizedRootGroup;
			path = public;
			sourceTree = "<group>";
		};
/* End PBXFileSystemSynchronizedRootGroup section */

/* Begin PBXGroup section */
		14BBD4442E9D146C00E17C17 = {
			isa = PBXGroup;
			children = (
				14BBD44B2E9D14AD00E17C17 /* index.html */,
				14BBD4542E9D1B6600E17C17 /* public */,
				14BBD44E2E9D150D00E17C17 /* photos */,
				14BBD4502E9D152500E17C17 /* posts */,
				14DA32252E9E638100D8448D /* style.css */,
				14DA32242E9E638100D8448D /* script.js */,
			);
			sourceTree = "<group>";
		};
/* End PBXGroup section */

/* Begin PBXProject section */
		14BBD4452E9D146C00E17C17 /* Project object */ = {
			isa = PBXProject;
			attributes = {
				BuildIndependentTargetsInParallel = 1;
				LastUpgradeCheck = 1640;
			};
			buildConfigurationList = 14BBD4482E9D146C00E17C17 /* Build configuration list for PBXProject "blog" */;
			developmentRegion = en;
			hasScannedForEncodings = 0;
			knownRegions = (
				en,
				Base,
			);
			mainGroup = 14BBD4442E9D146C00E17C17;
			minimizedProjectReferenceProxies = 1;
			preferredProjectObjectVersion = 77;
			projectDirPath = "";
			projectRoot = "";
			targets = (
			);
		};
/* End PBXProject section */

/* Begin XCBuildConfiguration section */
		14BBD4492E9D146C00E17C17 /* Debug */ = {
			isa = XCBuildConfiguration;
			buildSettings = {
			};
			name = Debug;
		};
		14BBD44A2E9D146C00E17C17 /* Release */ = {
			isa = XCBuildConfiguration;
			buildSettings = {
			};
			name = Release;
		};
/* End XCBuildConfiguration section */

/* Begin XCConfigurationList section */
		14BBD4482E9D146C00E17C17 /* Build configuration list for PBXProject "blog" */ = {
			isa = XCConfigurationList;
			buildConfigurations = (
				14BBD4492E9D146C00E17C17 /* Debug */,
				14BBD44A2E9D146C00E17C17 /* Release */,
			);
			defaultConfigurationIsVisible = 0;
			defaultConfigurationName = Release;
		};
/* End XCConfigurationList section */
	};
	rootObject = 14BBD4452E9D146C00E17C17 /* Project object */;
}
